
Microsoft Visual Studio Solution File, Format Version 12.00
# Visual Studio Version 17
VisualStudioVersion = 17.4.33213.308
MinimumVisualStudioVersion = 10.0.40219.1
Project("{FAE04EC0-301F-11D3-BF4B-00C04F79EFBC}") = "TokoBuku-C17", "TokoBuku-C17\TokoBuku-C17.csproj", "{B4F44DB3-9A0B-4596-9C0D-EB6C61EE4626}"
EndProject
Global
	GlobalSection(SolutionConfigurationPlatforms) = preSolution
		Debug|Any CPU = Debug|Any CPU
		Release|Any CPU = Release|Any CPU
	EndGlobalSection
	GlobalSection(ProjectConfigurationPlatforms) = postSolution
		{B4F44DB3-9A0B-4596-9C0D-EB6C61EE4626}.Debug|Any CPU.ActiveCfg = Debug|Any CPU
		{B4F44DB3-9A0B-4596-9C0D-EB6C61EE4626}.Debug|Any CPU.Build.0 = Debug|Any CPU
		{B4F44DB3-9A0B-4596-9C0D-EB6C61EE4626}.Release|Any CPU.ActiveCfg = Release|Any CPU
		{B4F44DB3-9A0B-4596-9C0D-EB6C61EE4626}.Release|Any CPU.Build.0 = Release|Any CPU
	EndGlobalSection
	GlobalSection(SolutionProperties) = preSolution
		HideSolutionNode = FALSE
	EndGlobalSection
	GlobalSection(ExtensibilityGlobals) = postSolution
		SolutionGuid = {4A2402AB-5104-4B9E-B4C7-0081A7CB4BAF}
	EndGlobalSection
EndGlobal
